
Microsoft Visual Studio Solution File, Format Version 12.00
# Visual Studio Version 17
VisualStudioVersion = 17.5.002.0
MinimumVisualStudioVersion = 10.0.40219.1
Project("{9A19103F-16F7-4668-BE54-9A1E7A4F7556}") = "SnsNotificationApi", "SnsNotificationApi\SnsNotificationApi.csproj", "{B71E1F03-AA95-43A2-BF8C-42183A5F0308}"
EndProject
Global
	GlobalSection(SolutionConfigurationPlatforms) = preSolution
		Debug|Any CPU = Debug|Any CPU
		Release|Any CPU = Release|Any CPU
	EndGlobalSection
	GlobalSection(ProjectConfigurationPlatforms) = postSolution
		{B71E1F03-AA95-43A2-BF8C-42183A5F0308}.Debug|Any CPU.ActiveCfg = Debug|Any CPU
		{B71E1F03-AA95-43A2-BF8C-42183A5F0308}.Debug|Any CPU.Build.0 = Debug|Any CPU
		{B71E1F03-AA95-43A2-BF8C-42183A5F0308}.Release|Any CPU.ActiveCfg = Release|Any CPU
		{B71E1F03-AA95-43A2-BF8C-42183A5F0308}.Release|Any CPU.Build.0 = Release|Any CPU
	EndGlobalSection
	GlobalSection(SolutionProperties) = preSolution
		HideSolutionNode = FALSE
	EndGlobalSection
	GlobalSection(ExtensibilityGlobals) = postSolution
		SolutionGuid = {3069AEE2-518C-4ED2-955F-0CB59A371272}
	EndGlobalSection
EndGlobal
